// !$*UTF8*$!
{
	archiveVersion = 1;
	classes = {
	};
	objectVersion = 50;
	objects = {

/* Begin PBXBuildFile section */
		2B39BF0321BC546E00C01CB7 /* AppDelegate.swift in Sources */ = {isa = PBXBuildFile; fileRef = 2B39BF0221BC546E00C01CB7 /* AppDelegate.swift */; };
		2B39BF0521BC546E00C01CB7 /* MasterViewController.swift in Sources */ = {isa = PBXBuildFile; fileRef = 2B39BF0421BC546E00C01CB7 /* MasterViewController.swift */; };
		2B39BF0721BC546E00C01CB7 /* DetailViewController.swift in Sources */ = {isa = PBXBuildFile; fileRef = 2B39BF0621BC546E00C01CB7 /* DetailViewController.swift */; };
		2B39BF0A21BC546E00C01CB7 /* Main.storyboard in Resources */ = {isa = PBXBuildFile; fileRef = 2B39BF0821BC546E00C01CB7 /* Main.storyboard */; };
		2B39BF0C21BC546F00C01CB7 /* Assets.xcassets in Resources */ = {isa = PBXBuildFile; fileRef = 2B39BF0B21BC546F00C01CB7 /* Assets.xcassets */; };
		2B39BF0F21BC546F00C01CB7 /* LaunchScreen.storyboard in Resources */ = {isa = PBXBuildFile; fileRef = 2B39BF0D21BC546F00C01CB7 /* LaunchScreen.storyboard */; };
		2B39BF1A21BC546F00C01CB7 /* WalmartTakeHomeAssignmentTests.swift in Sources */ = {isa = PBXBuildFile; fileRef = 2B39BF1921BC546F00C01CB7 /* WalmartTakeHomeAssignmentTests.swift */; };
		2B39BF2521BC54E700C01CB7 /* TestData.json in Resources */ = {isa = PBXBuildFile; fileRef = 2B39BF2421BC54E700C01CB7 /* TestData.json */; };
		2B39BF2721BC55FC00C01CB7 /* ProductsStruct.swift in Sources */ = {isa = PBXBuildFile; fileRef = 2B39BF2621BC55FC00C01CB7 /* ProductsStruct.swift */; };
		2B39BF2821BC593E00C01CB7 /* TestData.json in Resources */ = {isa = PBXBuildFile; fileRef = 2B39BF2421BC54E700C01CB7 /* TestData.json */; };
		2B39BF2D21BC5F4D00C01CB7 /* ProductsModel.swift in Sources */ = {isa = PBXBuildFile; fileRef = 2B39BF2C21BC5F4D00C01CB7 /* ProductsModel.swift */; };
		2B39BF3021BC62C600C01CB7 /* FetchManager.swift in Sources */ = {isa = PBXBuildFile; fileRef = 2B39BF2F21BC62C600C01CB7 /* FetchManager.swift */; };
		2B39BF3221BC64D900C01CB7 /* ProductTableViewCell.swift in Sources */ = {isa = PBXBuildFile; fileRef = 2B39BF3121BC64D900C01CB7 /* ProductTableViewCell.swift */; };
		2BDDF78F21C46206006CBAB7 /* ErrorLogManager.swift in Sources */ = {isa = PBXBuildFile; fileRef = 2BDDF78E21C46206006CBAB7 /* ErrorLogManager.swift */; };
		2BDDF79421C95C67006CBAB7 /* README.md in Resources */ = {isa = PBXBuildFile; fileRef = 2BDDF79321C95C67006CBAB7 /* README.md */; };
		2BF4873821BC7A8800A239DD /* Detail.storyboard in Resources */ = {isa = PBXBuildFile; fileRef = 2BF4873721BC7A8800A239DD /* Detail.storyboard */; };
/* End PBXBuildFile section */

/* Begin PBXContainerItemProxy section */
		2B39BF1621BC546F00C01CB7 /* PBXContainerItemProxy */ = {
			isa = PBXContainerItemProxy;
			containerPortal = 2B39BEF721BC546E00C01CB7 /* Project object */;
			proxyType = 1;
			remoteGlobalIDString = 2B39BEFE21BC546E00C01CB7;
			remoteInfo = WalmartTakeHomeAssingment;
		};
/* End PBXContainerItemProxy section */

/* Begin PBXFileReference section */
		2B39BEFF21BC546E00C01CB7 /* WalmartTakeHomeAssignment.app */ = {isa = PBXFileReference; explicitFileType = wrapper.application; includeInIndex = 0; path = WalmartTakeHomeAssignment.app; sourceTree = BUILT_PRODUCTS_DIR; };
		2B39BF0221BC546E00C01CB7 /* AppDelegate.swift */ = {isa = PBXFileReference; lastKnownFileType = sourcecode.swift; path = AppDelegate.swift; sourceTree = "<group>"; };
		2B39BF0421BC546E00C01CB7 /* MasterViewController.swift */ = {isa = PBXFileReference; lastKnownFileType = sourcecode.swift; path = MasterViewController.swift; sourceTree = "<group>"; };
		2B39BF0621BC546E00C01CB7 /* DetailViewController.swift */ = {isa = PBXFileReference; lastKnownFileType = sourcecode.swift; path = DetailViewController.swift; sourceTree = "<group>"; };
		2B39BF0921BC546E00C01CB7 /* Base */ = {isa = PBXFileReference; lastKnownFileType = file.storyboard; name = Base; path = Base.lproj/Main.storyboard; sourceTree = "<group>"; };
		2B39BF0B21BC546F00C01CB7 /* Assets.xcassets */ = {isa = PBXFileReference; lastKnownFileType = folder.assetcatalog; path = Assets.xcassets; sourceTree = "<group>"; };
		2B39BF0E21BC546F00C01CB7 /* Base */ = {isa = PBXFileReference; lastKnownFileType = file.storyboard; name = Base; path = Base.lproj/LaunchScreen.storyboard; sourceTree = "<group>"; };
		2B39BF1021BC546F00C01CB7 /* Info.plist */ = {isa = PBXFileReference; lastKnownFileType = text.plist.xml; path = Info.plist; sourceTree = "<group>"; };
		2B39BF1521BC546F00C01CB7 /* WalmartTakeHomeAssignmentTests.xctest */ = {isa = PBXFileReference; explicitFileType = wrapper.cfbundle; includeInIndex = 0; path = WalmartTakeHomeAssignmentTests.xctest; sourceTree = BUILT_PRODUCTS_DIR; };
		2B39BF1921BC546F00C01CB7 /* WalmartTakeHomeAssignmentTests.swift */ = {isa = PBXFileReference; lastKnownFileType = sourcecode.swift; path = WalmartTakeHomeAssignmentTests.swift; sourceTree = "<group>"; };
		2B39BF1B21BC546F00C01CB7 /* Info.plist */ = {isa = PBXFileReference; lastKnownFileType = text.plist.xml; path = Info.plist; sourceTree = "<group>"; };
		2B39BF2421BC54E700C01CB7 /* TestData.json */ = {isa = PBXFileReference; lastKnownFileType = text.json; path = TestData.json; sourceTree = "<group>"; };
		2B39BF2621BC55FC00C01CB7 /* ProductsStruct.swift */ = {isa = PBXFileReference; lastKnownFileType = sourcecode.swift; path = ProductsStruct.swift; sourceTree = "<group>"; };
		2B39BF2C21BC5F4D00C01CB7 /* ProductsModel.swift */ = {isa = PBXFileReference; lastKnownFileType = sourcecode.swift; path = ProductsModel.swift; sourceTree = "<group>"; };
		2B39BF2F21BC62C600C01CB7 /* FetchManager.swift */ = {isa = PBXFileReference; lastKnownFileType = sourcecode.swift; path = FetchManager.swift; sourceTree = "<group>"; };
		2B39BF3121BC64D900C01CB7 /* ProductTableViewCell.swift */ = {isa = PBXFileReference; lastKnownFileType = sourcecode.swift; path = ProductTableViewCell.swift; sourceTree = "<group>"; };
		2BDDF78E21C46206006CBAB7 /* ErrorLogManager.swift */ = {isa = PBXFileReference; lastKnownFileType = sourcecode.swift; path = ErrorLogManager.swift; sourceTree = "<group>"; };
		2BDDF79321C95C67006CBAB7 /* README.md */ = {isa = PBXFileReference; fileEncoding = 4; lastKnownFileType = net.daringfireball.markdown; path = README.md; sourceTree = "<group>"; };
		2BF4873721BC7A8800A239DD /* Detail.storyboard */ = {isa = PBXFileReference; lastKnownFileType = file.storyboard; path = Detail.storyboard; sourceTree = "<group>"; };
/* End PBXFileReference section */

/* Begin PBXFrameworksBuildPhase section */
		2B39BEFC21BC546E00C01CB7 /* Frameworks */ = {
			isa = PBXFrameworksBuildPhase;
			buildActionMask = 2147483647;
			files = (
			);
			runOnlyForDeploymentPostprocessing = 0;
		};
		2B39BF1221BC546F00C01CB7 /* Frameworks */ = {
			isa = PBXFrameworksBuildPhase;
			buildActionMask = 2147483647;
			files = (
			);
			runOnlyForDeploymentPostprocessing = 0;
		};
/* End PBXFrameworksBuildPhase section */

/* Begin PBXGroup section */
		2B32BBF721BDB3C4006A1EBE /* Master View */ = {
			isa = PBXGroup;
			children = (
				2B39BF0821BC546E00C01CB7 /* Main.storyboard */,
				2B39BF0421BC546E00C01CB7 /* MasterViewController.swift */,
				2B39BF3121BC64D900C01CB7 /* ProductTableViewCell.swift */,
			);
			path = "Master View";
			sourceTree = "<group>";
		};
		2B32BBF821BDB3DB006A1EBE /* Detail View */ = {
			isa = PBXGroup;
			children = (
				2BF4873721BC7A8800A239DD /* Detail.storyboard */,
				2B39BF0621BC546E00C01CB7 /* DetailViewController.swift */,
			);
			path = "Detail View";
			sourceTree = "<group>";
		};
		2B39BEF621BC546E00C01CB7 = {
			isa = PBXGroup;
			children = (
				2BDDF79321C95C67006CBAB7 /* README.md */,
				2B39BF0121BC546E00C01CB7 /* WalmartTakeHomeAssignment */,
				2B39BF1821BC546F00C01CB7 /* WalmartTakeHomeAssignmentTests */,
				2B39BF0021BC546E00C01CB7 /* Products */,
			);
			sourceTree = "<group>";
		};
		2B39BF0021BC546E00C01CB7 /* Products */ = {
			isa = PBXGroup;
			children = (
				2B39BEFF21BC546E00C01CB7 /* WalmartTakeHomeAssignment.app */,
				2B39BF1521BC546F00C01CB7 /* WalmartTakeHomeAssignmentTests.xctest */,
			);
			name = Products;
			sourceTree = "<group>";
		};
		2B39BF0121BC546E00C01CB7 /* WalmartTakeHomeAssignment */ = {
			isa = PBXGroup;
			children = (
				2B39BF0221BC546E00C01CB7 /* AppDelegate.swift */,
				2BDDF79021C46434006CBAB7 /* Networking */,
				2B32BBF821BDB3DB006A1EBE /* Detail View */,
				2B32BBF721BDB3C4006A1EBE /* Master View */,
				2B39BF2E21BC628600C01CB7 /* Models */,
				2B39BF0B21BC546F00C01CB7 /* Assets.xcassets */,
				2B39BF0D21BC546F00C01CB7 /* LaunchScreen.storyboard */,
				2B39BF1021BC546F00C01CB7 /* Info.plist */,
			);
			path = WalmartTakeHomeAssignment;
			sourceTree = "<group>";
		};
		2B39BF1821BC546F00C01CB7 /* WalmartTakeHomeAssignmentTests */ = {
			isa = PBXGroup;
			children = (
				2B39BF1921BC546F00C01CB7 /* WalmartTakeHomeAssignmentTests.swift */,
				2B39BF1B21BC546F00C01CB7 /* Info.plist */,
				2B39BF2421BC54E700C01CB7 /* TestData.json */,
			);
			path = WalmartTakeHomeAssignmentTests;
			sourceTree = "<group>";
		};
		2B39BF2E21BC628600C01CB7 /* Models */ = {
			isa = PBXGroup;
			children = (
				2B39BF2621BC55FC00C01CB7 /* ProductsStruct.swift */,
				2B39BF2C21BC5F4D00C01CB7 /* ProductsModel.swift */,
			);
			path = Models;
			sourceTree = "<group>";
		};
		2BDDF79021C46434006CBAB7 /* Networking */ = {
			isa = PBXGroup;
			children = (
				2B39BF2F21BC62C600C01CB7 /* FetchManager.swift */,
				2BDDF78E21C46206006CBAB7 /* ErrorLogManager.swift */,
			);
			path = Networking;
			sourceTree = "<group>";
		};
/* End PBXGroup section */

/* Begin PBXNativeTarget section */
		2B39BEFE21BC546E00C01CB7 /* WalmartTakeHomeAssignment */ = {
			isa = PBXNativeTarget;
			buildConfigurationList = 2B39BF1E21BC546F00C01CB7 /* Build configuration list for PBXNativeTarget "WalmartTakeHomeAssignment" */;
			buildPhases = (
				2B39BEFB21BC546E00C01CB7 /* Sources */,
				2B39BEFC21BC546E00C01CB7 /* Frameworks */,
				2B39BEFD21BC546E00C01CB7 /* Resources */,
			);
			buildRules = (
			);
			dependencies = (
			);
			name = WalmartTakeHomeAssignment;
			productName = WalmartTakeHomeAssingment;
			productReference = 2B39BEFF21BC546E00C01CB7 /* WalmartTakeHomeAssignment.app */;
			productType = "com.apple.product-type.application";
		};
		2B39BF1421BC546F00C01CB7 /* WalmartTakeHomeAssignmentTests */ = {
			isa = PBXNativeTarget;
			buildConfigurationList = 2B39BF2121BC546F00C01CB7 /* Build configuration list for PBXNativeTarget "WalmartTakeHomeAssignmentTests" */;
			buildPhases = (
				2B39BF1121BC546F00C01CB7 /* Sources */,
				2B39BF1221BC546F00C01CB7 /* Frameworks */,
				2B39BF1321BC546F00C01CB7 /* Resources */,
			);
			buildRules = (
			);
			dependencies = (
				2B39BF1721BC546F00C01CB7 /* PBXTargetDependency */,
			);
			name = WalmartTakeHomeAssignmentTests;
			productName = WalmartTakeHomeAssingmentTests;
			productReference = 2B39BF1521BC546F00C01CB7 /* WalmartTakeHomeAssignmentTests.xctest */;
			productType = "com.apple.product-type.bundle.unit-test";
		};
/* End PBXNativeTarget section */

/* Begin PBXProject section */
		2B39BEF721BC546E00C01CB7 /* Project object */ = {
			isa = PBXProject;
			attributes = {
				LastSwiftUpdateCheck = 1010;
				LastUpgradeCheck = 1010;
				ORGANIZATIONNAME = "Wayne Ohmer";
				TargetAttributes = {
					2B39BEFE21BC546E00C01CB7 = {
						CreatedOnToolsVersion = 10.1;
					};
					2B39BF1421BC546F00C01CB7 = {
						CreatedOnToolsVersion = 10.1;
						TestTargetID = 2B39BEFE21BC546E00C01CB7;
					};
				};
			};
			buildConfigurationList = 2B39BEFA21BC546E00C01CB7 /* Build configuration list for PBXProject "WalmartTakeHomeAssignment" */;
			compatibilityVersion = "Xcode 9.3";
			developmentRegion = en;
			hasScannedForEncodings = 0;
			knownRegions = (
				en,
				Base,
			);
			mainGroup = 2B39BEF621BC546E00C01CB7;
			productRefGroup = 2B39BF0021BC546E00C01CB7 /* Products */;
			projectDirPath = "";
			projectRoot = "";
			targets = (
				2B39BEFE21BC546E00C01CB7 /* WalmartTakeHomeAssignment */,
				2B39BF1421BC546F00C01CB7 /* WalmartTakeHomeAssignmentTests */,
			);
		};
/* End PBXProject section */

/* Begin PBXResourcesBuildPhase section */
		2B39BEFD21BC546E00C01CB7 /* Resources */ = {
			isa = PBXResourcesBuildPhase;
			buildActionMask = 2147483647;
			files = (
				2BDDF79421C95C67006CBAB7 /* README.md in Resources */,
				2B39BF0F21BC546F00C01CB7 /* LaunchScreen.storyboard in Resources */,
				2B39BF0C21BC546F00C01CB7 /* Assets.xcassets in Resources */,
				2B39BF0A21BC546E00C01CB7 /* Main.storyboard in Resources */,
				2B39BF2821BC593E00C01CB7 /* TestData.json in Resources */,
				2BF4873821BC7A8800A239DD /* Detail.storyboard in Resources */,
			);
			runOnlyForDeploymentPostprocessing = 0;
		};
		2B39BF1321BC546F00C01CB7 /* Resources */ = {
			isa = PBXResourcesBuildPhase;
			buildActionMask = 2147483647;
			files = (
				2B39BF2521BC54E700C01CB7 /* TestData.json in Resources */,
			);
			runOnlyForDeploymentPostprocessing = 0;
		};
/* End PBXResourcesBuildPhase section */

/* Begin PBXSourcesBuildPhase section */
		2B39BEFB21BC546E00C01CB7 /* Sources */ = {
			isa = PBXSourcesBuildPhase;
			buildActionMask = 2147483647;
			files = (
				2B39BF3021BC62C600C01CB7 /* FetchManager.swift in Sources */,
				2B39BF0721BC546E00C01CB7 /* DetailViewController.swift in Sources */,
				2B39BF3221BC64D900C01CB7 /* ProductTableViewCell.swift in Sources */,
				2B39BF2D21BC5F4D00C01CB7 /* ProductsModel.swift in Sources */,
				2B39BF0521BC546E00C01CB7 /* MasterViewController.swift in Sources */,
				2B39BF0321BC546E00C01CB7 /* AppDelegate.swift in Sources */,
				2B39BF2721BC55FC00C01CB7 /* ProductsStruct.swift in Sources */,
				2BDDF78F21C46206006CBAB7 /* ErrorLogManager.swift in Sources */,
			);
			runOnlyForDeploymentPostprocessing = 0;
		};
		2B39BF1121BC546F00C01CB7 /* Sources */ = {
			isa = PBXSourcesBuildPhase;
			buildActionMask = 2147483647;
			files = (
				2B39BF1A21BC546F00C01CB7 /* WalmartTakeHomeAssignmentTests.swift in Sources */,
			);
			runOnlyForDeploymentPostprocessing = 0;
		};
/* End PBXSourcesBuildPhase section */

/* Begin PBXTargetDependency section */
		2B39BF1721BC546F00C01CB7 /* PBXTargetDependency */ = {
			isa = PBXTargetDependency;
			target = 2B39BEFE21BC546E00C01CB7 /* WalmartTakeHomeAssignment */;
			targetProxy = 2B39BF1621BC546F00C01CB7 /* PBXContainerItemProxy */;
		};
/* End PBXTargetDependency section */

/* Begin PBXVariantGroup section */
		2B39BF0821BC546E00C01CB7 /* Main.storyboard */ = {
			isa = PBXVariantGroup;
			children = (
				2B39BF0921BC546E00C01CB7 /* Base */,
			);
			name = Main.storyboard;
			sourceTree = "<group>";
		};
		2B39BF0D21BC546F00C01CB7 /* LaunchScreen.storyboard */ = {
			isa = PBXVariantGroup;
			children = (
				2B39BF0E21BC546F00C01CB7 /* Base */,
			);
			name = LaunchScreen.storyboard;
			sourceTree = "<group>";
		};
/* End PBXVariantGroup section */

/* Begin XCBuildConfiguration section */
		2B39BF1C21BC546F00C01CB7 /* Debug */ = {
			isa = XCBuildConfiguration;
			buildSettings = {
				ALWAYS_SEARCH_USER_PATHS = NO;
				CLANG_ANALYZER_NONNULL = YES;
				CLANG_ANALYZER_NUMBER_OBJECT_CONVERSION = YES_AGGRESSIVE;
				CLANG_CXX_LANGUAGE_STANDARD = "gnu++14";
				CLANG_CXX_LIBRARY = "libc++";
				CLANG_ENABLE_MODULES = YES;
				CLANG_ENABLE_OBJC_ARC = YES;
				CLANG_ENABLE_OBJC_WEAK = YES;
				CLANG_WARN_BLOCK_CAPTURE_AUTORELEASING = YES;
				CLANG_WARN_BOOL_CONVERSION = YES;
				CLANG_WARN_COMMA = YES;
				CLANG_WARN_CONSTANT_CONVERSION = YES;
				CLANG_WARN_DEPRECATED_OBJC_IMPLEMENTATIONS = YES;
				CLANG_WARN_DIRECT_OBJC_ISA_USAGE = YES_ERROR;
				CLANG_WARN_DOCUMENTATION_COMMENTS = YES;
				CLANG_WARN_EMPTY_BODY = YES;
				CLANG_WARN_ENUM_CONVERSION = YES;
				CLANG_WARN_INFINITE_RECURSION = YES;
				CLANG_WARN_INT_CONVERSION = YES;
				CLANG_WARN_NON_LITERAL_NULL_CONVERSION = YES;
				CLANG_WARN_OBJC_IMPLICIT_RETAIN_SELF = YES;
				CLANG_WARN_OBJC_LITERAL_CONVERSION = YES;
				CLANG_WARN_OBJC_ROOT_CLASS = YES_ERROR;
				CLANG_WARN_RANGE_LOOP_ANALYSIS = YES;
				CLANG_WARN_STRICT_PROTOTYPES = YES;
				CLANG_WARN_SUSPICIOUS_MOVE = YES;
				CLANG_WARN_UNGUARDED_AVAILABILITY = YES_AGGRESSIVE;
				CLANG_WARN_UNREACHABLE_CODE = YES;
				CLANG_WARN__DUPLICATE_METHOD_MATCH = YES;
				CODE_SIGN_IDENTITY = "iPhone Developer";
				COPY_PHASE_STRIP = NO;
				DEBUG_INFORMATION_FORMAT = dwarf;
				ENABLE_STRICT_OBJC_MSGSEND = YES;
				ENABLE_TESTABILITY = YES;
				GCC_C_LANGUAGE_STANDARD = gnu11;
				GCC_DYNAMIC_NO_PIC = NO;
				GCC_NO_COMMON_BLOCKS = YES;
				GCC_OPTIMIZATION_LEVEL = 0;
				GCC_PREPROCESSOR_DEFINITIONS = (
					"DEBUG=1",
					"$(inherited)",
				);
				GCC_WARN_64_TO_32_BIT_CONVERSION = YES;
				GCC_WARN_ABOUT_RETURN_TYPE = YES_ERROR;
				GCC_WARN_UNDECLARED_SELECTOR = YES;
				GCC_WARN_UNINITIALIZED_AUTOS = YES_AGGRESSIVE;
				GCC_WARN_UNUSED_FUNCTION = YES;
				GCC_WARN_UNUSED_VARIABLE = YES;
				IPHONEOS_DEPLOYMENT_TARGET = 12.1;
				MTL_ENABLE_DEBUG_INFO = INCLUDE_SOURCE;
				MTL_FAST_MATH = YES;
				ONLY_ACTIVE_ARCH = YES;
				SDKROOT = iphoneos;
				SWIFT_ACTIVE_COMPILATION_CONDITIONS = DEBUG;
				SWIFT_OPTIMIZATION_LEVEL = "-Onone";
			};
			name = Debug;
		};
		2B39BF1D21BC546F00C01CB7 /* Release */ = {
			isa = XCBuildConfiguration;
			buildSettings = {
				ALWAYS_SEARCH_USER_PATHS = NO;
				CLANG_ANALYZER_NONNULL = YES;
				CLANG_ANALYZER_NUMBER_OBJECT_CONVERSION = YES_AGGRESSIVE;
				CLANG_CXX_LANGUAGE_STANDARD = "gnu++14";
				CLANG_CXX_LIBRARY = "libc++";
				CLANG_ENABLE_MODULES = YES;
				CLANG_ENABLE_OBJC_ARC = YES;
				CLANG_ENABLE_OBJC_WEAK = YES;
				CLANG_WARN_BLOCK_CAPTURE_AUTORELEASING = YES;
				CLANG_WARN_BOOL_CONVERSION = YES;
				CLANG_WARN_COMMA = YES;
				CLANG_WARN_CONSTANT_CONVERSION = YES;
				CLANG_WARN_DEPRECATED_OBJC_IMPLEMENTATIONS = YES;
				CLANG_WARN_DIRECT_OBJC_ISA_USAGE = YES_ERROR;
				CLANG_WARN_DOCUMENTATION_COMMENTS = YES;
				CLANG_WARN_EMPTY_BODY = YES;
				CLANG_WARN_ENUM_CONVERSION = YES;
				CLANG_WARN_INFINITE_RECURSION = YES;
				CLANG_WARN_INT_CONVERSION = YES;
				CLANG_WARN_NON_LITERAL_NULL_CONVERSION = YES;
				CLANG_WARN_OBJC_IMPLICIT_RETAIN_SELF = YES;
				CLANG_WARN_OBJC_LITERAL_CONVERSION = YES;
				CLANG_WARN_OBJC_ROOT_CLASS = YES_ERROR;
				CLANG_WARN_RANGE_LOOP_ANALYSIS = YES;
				CLANG_WARN_STRICT_PROTOTYPES = YES;
				CLANG_WARN_SUSPICIOUS_MOVE = YES;
				CLANG_WARN_UNGUARDED_AVAILABILITY = YES_AGGRESSIVE;
				CLANG_WARN_UNREACHABLE_CODE = YES;
				CLANG_WARN__DUPLICATE_METHOD_MATCH = YES;
				CODE_SIGN_IDENTITY = "iPhone Developer";
				COPY_PHASE_STRIP = NO;
				DEBUG_INFORMATION_FORMAT = "dwarf-with-dsym";
				ENABLE_NS_ASSERTIONS = NO;
				ENABLE_STRICT_OBJC_MSGSEND = YES;
				GCC_C_LANGUAGE_STANDARD = gnu11;
				GCC_NO_COMMON_BLOCKS = YES;
				GCC_WARN_64_TO_32_BIT_CONVERSION = YES;
				GCC_WARN_ABOUT_RETURN_TYPE = YES_ERROR;
				GCC_WARN_UNDECLARED_SELECTOR = YES;
				GCC_WARN_UNINITIALIZED_AUTOS = YES_AGGRESSIVE;
				GCC_WARN_UNUSED_FUNCTION = YES;
				GCC_WARN_UNUSED_VARIABLE = YES;
				IPHONEOS_DEPLOYMENT_TARGET = 12.1;
				MTL_ENABLE_DEBUG_INFO = NO;
				MTL_FAST_MATH = YES;
				SDKROOT = iphoneos;
				SWIFT_COMPILATION_MODE = wholemodule;
				SWIFT_OPTIMIZATION_LEVEL = "-O";
				VALIDATE_PRODUCT = YES;
			};
			name = Release;
		};
		2B39BF1F21BC546F00C01CB7 /* Debug */ = {
			isa = XCBuildConfiguration;
			buildSettings = {
				ASSETCATALOG_COMPILER_APPICON_NAME = AppIcon;
				CODE_SIGN_STYLE = Automatic;
				DEVELOPMENT_TEAM = UC39945CUV;
				INFOPLIST_FILE = WalmartTakeHomeAssignment/Info.plist;
				LD_RUNPATH_SEARCH_PATHS = (
					"$(inherited)",
					"@executable_path/Frameworks",
				);
				PRODUCT_BUNDLE_IDENTIFIER = com.trialByFyre.WalmartTakeHomeAssignment;
				PRODUCT_NAME = "$(TARGET_NAME)";
				SWIFT_VERSION = 4.2;
				TARGETED_DEVICE_FAMILY = "1,2";
			};
			name = Debug;
		};
		2B39BF2021BC546F00C01CB7 /* Release */ = {
			isa = XCBuildConfiguration;
			buildSettings = {
				ASSETCATALOG_COMPILER_APPICON_NAME = AppIcon;
				CODE_SIGN_STYLE = Automatic;
				DEVELOPMENT_TEAM = UC39945CUV;
				INFOPLIST_FILE = WalmartTakeHomeAssignment/Info.plist;
				LD_RUNPATH_SEARCH_PATHS = (
					"$(inherited)",
					"@executable_path/Frameworks",
				);
				PRODUCT_BUNDLE_IDENTIFIER = com.trialByFyre.WalmartTakeHomeAssignment;
				PRODUCT_NAME = "$(TARGET_NAME)";
				SWIFT_VERSION = 4.2;
				TARGETED_DEVICE_FAMILY = "1,2";
			};
			name = Release;
		};
		2B39BF2221BC546F00C01CB7 /* Debug */ = {
			isa = XCBuildConfiguration;
			buildSettings = {
				ALWAYS_EMBED_SWIFT_STANDARD_LIBRARIES = YES;
				BUNDLE_LOADER = "$(TEST_HOST)";
				CODE_SIGN_STYLE = Automatic;
				DEVELOPMENT_TEAM = UC39945CUV;
				INFOPLIST_FILE = WalmartTakeHomeAssingmentTests/Info.plist;
				LD_RUNPATH_SEARCH_PATHS = (
					"$(inherited)",
					"@executable_path/Frameworks",
					"@loader_path/Frameworks",
				);
				PRODUCT_BUNDLE_IDENTIFIER = com.trialByFyre.WalmartTakeHomeAssingmentTests;
				PRODUCT_NAME = "$(TARGET_NAME)";
				SWIFT_VERSION = 4.2;
				TARGETED_DEVICE_FAMILY = "1,2";
				TEST_HOST = "$(BUILT_PRODUCTS_DIR)/WalmartTakeHomeAssignment.app/WalmartTakeHomeAssignment";
			};
			name = Debug;
		};
		2B39BF2321BC546F00C01CB7 /* Release */ = {
			isa = XCBuildConfiguration;
			buildSettings = {
				ALWAYS_EMBED_SWIFT_STANDARD_LIBRARIES = YES;
				BUNDLE_LOADER = "$(TEST_HOST)";
				CODE_SIGN_STYLE = Automatic;
				DEVELOPMENT_TEAM = UC39945CUV;
				INFOPLIST_FILE = WalmartTakeHomeAssingmentTests/Info.plist;
				LD_RUNPATH_SEARCH_PATHS = (
					"$(inherited)",
					"@executable_path/Frameworks",
					"@loader_path/Frameworks",
				);
				PRODUCT_BUNDLE_IDENTIFIER = com.trialByFyre.WalmartTakeHomeAssingmentTests;
				PRODUCT_NAME = "$(TARGET_NAME)";
				SWIFT_VERSION = 4.2;
				TARGETED_DEVICE_FAMILY = "1,2";
				TEST_HOST = "$(BUILT_PRODUCTS_DIR)/WalmartTakeHomeAssignment.app/WalmartTakeHomeAssignment";
			};
			name = Release;
		};
/* End XCBuildConfiguration section */

/* Begin XCConfigurationList section */
		2B39BEFA21BC546E00C01CB7 /* Build configuration list for PBXProject "WalmartTakeHomeAssignment" */ = {
			isa = XCConfigurationList;
			buildConfigurations = (
				2B39BF1C21BC546F00C01CB7 /* Debug */,
				2B39BF1D21BC546F00C01CB7 /* Release */,
			);
			defaultConfigurationIsVisible = 0;
			defaultConfigurationName = Release;
		};
		2B39BF1E21BC546F00C01CB7 /* Build configuration list for PBXNativeTarget "WalmartTakeHomeAssignment" */ = {
			isa = XCConfigurationList;
			buildConfigurations = (
				2B39BF1F21BC546F00C01CB7 /* Debug */,
				2B39BF2021BC546F00C01CB7 /* Release */,
			);
			defaultConfigurationIsVisible = 0;
			defaultConfigurationName = Release;
		};
		2B39BF2121BC546F00C01CB7 /* Build configuration list for PBXNativeTarget "WalmartTakeHomeAssignmentTests" */ = {
			isa = XCConfigurationList;
			buildConfigurations = (
				2B39BF2221BC546F00C01CB7 /* Debug */,
				2B39BF2321BC546F00C01CB7 /* Release */,
			);
			defaultConfigurationIsVisible = 0;
			defaultConfigurationName = Release;
		};
/* End XCConfigurationList section */
	};
	rootObject = 2B39BEF721BC546E00C01CB7 /* Project object */;
}
